// !$*UTF8*$!
{
	archiveVersion = 1;
	classes = {
	};
	objectVersion = 46;
	objects = {

/* Begin PBXBuildFile section */
		131C93A920729E9100906C52 /* main.cpp in Sources */ = {isa = PBXBuildFile; fileRef = 131C93A820729E9100906C52 /* main.cpp */; };
		131C93C3207A5EF800906C52 /* array.cpp in Sources */ = {isa = PBXBuildFile; fileRef = 131C93BA207A5EF800906C52 /* array.cpp */; };
		131C93C4207A5EF800906C52 /* BasicPrograms.cpp in Sources */ = {isa = PBXBuildFile; fileRef = 131C93BD207A5EF800906C52 /* BasicPrograms.cpp */; };
		131C93C5207A5EF800906C52 /* pattern.cpp in Sources */ = {isa = PBXBuildFile; fileRef = 131C93C0207A5EF800906C52 /* pattern.cpp */; };
		1328664220B7D95E00947A0E /* string.cpp in Sources */ = {isa = PBXBuildFile; fileRef = 1328664120B7D95E00947A0E /* string.cpp */; };
		1328664620B7DA3D00947A0E /* LinkedList.cpp in Sources */ = {isa = PBXBuildFile; fileRef = 1328664420B7DA3D00947A0E /* LinkedList.cpp */; };
/* End PBXBuildFile section */

/* Begin PBXCopyFilesBuildPhase section */
		131C93A320729E8D00906C52 /* CopyFiles */ = {
			isa = PBXCopyFilesBuildPhase;
			buildActionMask = 2147483647;
			dstPath = /usr/share/man/man1/;
			dstSubfolderSpec = 0;
			files = (
			);
			runOnlyForDeploymentPostprocessing = 1;
		};
/* End PBXCopyFilesBuildPhase section */

/* Begin PBXFileReference section */
		131C93A520729E9100906C52 /* CProgramming */ = {isa = PBXFileReference; explicitFileType = "compiled.mach-o.executable"; includeInIndex = 0; path = CProgramming; sourceTree = BUILT_PRODUCTS_DIR; };
		131C93A820729E9100906C52 /* main.cpp */ = {isa = PBXFileReference; lastKnownFileType = sourcecode.cpp.cpp; path = main.cpp; sourceTree = "<group>"; };
		131C93B52074884C00906C52 /* FilesIncluded.h */ = {isa = PBXFileReference; fileEncoding = 4; lastKnownFileType = sourcecode.c.h; path = FilesIncluded.h; sourceTree = "<group>"; };
		131C93BA207A5EF800906C52 /* array.cpp */ = {isa = PBXFileReference; fileEncoding = 4; lastKnownFileType = sourcecode.cpp.cpp; path = array.cpp; sourceTree = "<group>"; };
		131C93BB207A5EF800906C52 /* array.hpp */ = {isa = PBXFileReference; fileEncoding = 4; lastKnownFileType = sourcecode.cpp.h; path = array.hpp; sourceTree = "<group>"; };
		131C93BD207A5EF800906C52 /* BasicPrograms.cpp */ = {isa = PBXFileReference; fileEncoding = 4; lastKnownFileType = sourcecode.cpp.cpp; path = BasicPrograms.cpp; sourceTree = "<group>"; };
		131C93BE207A5EF800906C52 /* BasicPrograms.hpp */ = {isa = PBXFileReference; fileEncoding = 4; lastKnownFileType = sourcecode.cpp.h; path = BasicPrograms.hpp; sourceTree = "<group>"; };
		131C93C0207A5EF800906C52 /* pattern.cpp */ = {isa = PBXFileReference; fileEncoding = 4; lastKnownFileType = sourcecode.cpp.cpp; path = pattern.cpp; sourceTree = "<group>"; };
		131C93C1207A5EF800906C52 /* pattern.hpp */ = {isa = PBXFileReference; fileEncoding = 4; lastKnownFileType = sourcecode.cpp.h; path = pattern.hpp; sourceTree = "<group>"; };
		1328664020B7D94400947A0E /* string.hpp */ = {isa = PBXFileReference; fileEncoding = 4; lastKnownFileType = sourcecode.cpp.h; path = string.hpp; sourceTree = "<group>"; };
		1328664120B7D95E00947A0E /* string.cpp */ = {isa = PBXFileReference; fileEncoding = 4; lastKnownFileType = sourcecode.cpp.cpp; path = string.cpp; sourceTree = "<group>"; };
		1328664420B7DA3D00947A0E /* LinkedList.cpp */ = {isa = PBXFileReference; fileEncoding = 4; lastKnownFileType = sourcecode.cpp.cpp; path = LinkedList.cpp; sourceTree = "<group>"; };
		1328664520B7DA3D00947A0E /* LinkedList.hpp */ = {isa = PBXFileReference; fileEncoding = 4; lastKnownFileType = sourcecode.cpp.h; path = LinkedList.hpp; sourceTree = "<group>"; };
/* End PBXFileReference section */

/* Begin PBXFrameworksBuildPhase section */
		131C93A220729E8D00906C52 /* Frameworks */ = {
			isa = PBXFrameworksBuildPhase;
			buildActionMask = 2147483647;
			files = (
			);
			runOnlyForDeploymentPostprocessing = 0;
		};
/* End PBXFrameworksBuildPhase section */

/* Begin PBXGroup section */
		131C939C20729E8D00906C52 = {
			isa = PBXGroup;
			children = (
				131C93A720729E9100906C52 /* CProgramming */,
				131C93A620729E9100906C52 /* Products */,
			);
			sourceTree = "<group>";
		};
		131C93A620729E9100906C52 /* Products */ = {
			isa = PBXGroup;
			children = (
				131C93A520729E9100906C52 /* CProgramming */,
			);
			name = Products;
			sourceTree = "<group>";
		};
		131C93A720729E9100906C52 /* CProgramming */ = {
			isa = PBXGroup;
			children = (
				1328664820BAB6E500947A0E /* Functions */,
				1328664720BAB69400947A0E /* Struct_Union_Enum */,
				1328664320B7DA3000947A0E /* LinkedList */,
				131C93B9207A5EF800906C52 /* Array */,
				131C93BC207A5EF800906C52 /* Basics */,
				131C93BF207A5EF800906C52 /* Patterns */,
				131C93C2207A5EF800906C52 /* Strings */,
				131C93A820729E9100906C52 /* main.cpp */,
				131C93B52074884C00906C52 /* FilesIncluded.h */,
			);
			path = CProgramming;
			sourceTree = "<group>";
		};
		131C93B9207A5EF800906C52 /* Array */ = {
			isa = PBXGroup;
			children = (
				131C93BA207A5EF800906C52 /* array.cpp */,
				131C93BB207A5EF800906C52 /* array.hpp */,
			);
			path = Array;
			sourceTree = "<group>";
		};
		131C93BC207A5EF800906C52 /* Basics */ = {
			isa = PBXGroup;
			children = (
				131C93BD207A5EF800906C52 /* BasicPrograms.cpp */,
				131C93BE207A5EF800906C52 /* BasicPrograms.hpp */,
			);
			path = Basics;
			sourceTree = "<group>";
		};
		131C93BF207A5EF800906C52 /* Patterns */ = {
			isa = PBXGroup;
			children = (
				131C93C0207A5EF800906C52 /* pattern.cpp */,
				131C93C1207A5EF800906C52 /* pattern.hpp */,
			);
			path = Patterns;
			sourceTree = "<group>";
		};
		131C93C2207A5EF800906C52 /* Strings */ = {
			isa = PBXGroup;
			children = (
				1328664020B7D94400947A0E /* string.hpp */,
				1328664120B7D95E00947A0E /* string.cpp */,
			);
			path = Strings;
			sourceTree = "<group>";
		};
		1328664320B7DA3000947A0E /* LinkedList */ = {
			isa = PBXGroup;
			children = (
				1328664420B7DA3D00947A0E /* LinkedList.cpp */,
				1328664520B7DA3D00947A0E /* LinkedList.hpp */,
			);
			path = LinkedList;
			sourceTree = "<group>";
		};
		1328664720BAB69400947A0E /* Struct_Union_Enum */ = {
			isa = PBXGroup;
			children = (
			);
			path = Struct_Union_Enum;
			sourceTree = "<group>";
		};
		1328664820BAB6E500947A0E /* Functions */ = {
			isa = PBXGroup;
			children = (
			);
			path = Functions;
			sourceTree = "<group>";
		};
/* End PBXGroup section */

/* Begin PBXNativeTarget section */
		131C93A420729E8D00906C52 /* CProgramming */ = {
			isa = PBXNativeTarget;
			buildConfigurationList = 131C93AC20729E9100906C52 /* Build configuration list for PBXNativeTarget "CProgramming" */;
			buildPhases = (
				131C93A120729E8D00906C52 /* Sources */,
				131C93A220729E8D00906C52 /* Frameworks */,
				131C93A320729E8D00906C52 /* CopyFiles */,
			);
			buildRules = (
			);
			dependencies = (
			);
			name = CProgramming;
			productName = CProgramming;
			productReference = 131C93A520729E9100906C52 /* CProgramming */;
			productType = "com.apple.product-type.tool";
		};
/* End PBXNativeTarget section */

/* Begin PBXProject section */
		131C939D20729E8D00906C52 /* Project object */ = {
			isa = PBXProject;
			attributes = {
				LastUpgradeCheck = 0810;
				TargetAttributes = {
					131C93A420729E8D00906C52 = {
						CreatedOnToolsVersion = 8.1;
						ProvisioningStyle = Automatic;
					};
				};
			};
			buildConfigurationList = 131C93A020729E8D00906C52 /* Build configuration list for PBXProject "CProgramming" */;
			compatibilityVersion = "Xcode 3.2";
			developmentRegion = English;
			hasScannedForEncodings = 0;
			knownRegions = (
				en,
			);
			mainGroup = 131C939C20729E8D00906C52;
			productRefGroup = 131C93A620729E9100906C52 /* Products */;
			projectDirPath = "";
			projectRoot = "";
			targets = (
				131C93A420729E8D00906C52 /* CProgramming */,
			);
		};
/* End PBXProject section */

/* Begin PBXSourcesBuildPhase section */
		131C93A120729E8D00906C52 /* Sources */ = {
			isa = PBXSourcesBuildPhase;
			buildActionMask = 2147483647;
			files = (
				131C93A920729E9100906C52 /* main.cpp in Sources */,
				131C93C3207A5EF800906C52 /* array.cpp in Sources */,
				131C93C5207A5EF800906C52 /* pattern.cpp in Sources */,
				1328664220B7D95E00947A0E /* string.cpp in Sources */,
				1328664620B7DA3D00947A0E /* LinkedList.cpp in Sources */,
				131C93C4207A5EF800906C52 /* BasicPrograms.cpp in Sources */,
			);
			runOnlyForDeploymentPostprocessing = 0;
		};
/* End PBXSourcesBuildPhase section */

/* Begin XCBuildConfiguration section */
		131C93AA20729E9100906C52 /* Debug */ = {
			isa = XCBuildConfiguration;
			buildSettings = {
				ALWAYS_SEARCH_USER_PATHS = NO;
				CLANG_ANALYZER_NONNULL = YES;
				CLANG_CXX_LANGUAGE_STANDARD = "gnu++0x";
				CLANG_CXX_LIBRARY = "libc++";
				CLANG_ENABLE_MODULES = YES;
				CLANG_ENABLE_OBJC_ARC = YES;
				CLANG_WARN_BOOL_CONVERSION = YES;
				CLANG_WARN_CONSTANT_CONVERSION = YES;
				CLANG_WARN_DIRECT_OBJC_ISA_USAGE = YES_ERROR;
				CLANG_WARN_DOCUMENTATION_COMMENTS = YES;
				CLANG_WARN_EMPTY_BODY = YES;
				CLANG_WARN_ENUM_CONVERSION = YES;
				CLANG_WARN_INFINITE_RECURSION = YES;
				CLANG_WARN_INT_CONVERSION = YES;
				CLANG_WARN_OBJC_ROOT_CLASS = YES_ERROR;
				CLANG_WARN_SUSPICIOUS_MOVES = YES;
				CLANG_WARN_UNREACHABLE_CODE = YES;
				CLANG_WARN__DUPLICATE_METHOD_MATCH = YES;
				CODE_SIGN_IDENTITY = "-";
				COPY_PHASE_STRIP = NO;
				DEBUG_INFORMATION_FORMAT = dwarf;
				ENABLE_STRICT_OBJC_MSGSEND = YES;
				ENABLE_TESTABILITY = YES;
				GCC_C_LANGUAGE_STANDARD = gnu99;
				GCC_DYNAMIC_NO_PIC = NO;
				GCC_NO_COMMON_BLOCKS = YES;
				GCC_OPTIMIZATION_LEVEL = 0;
				GCC_PREPROCESSOR_DEFINITIONS = (
					"DEBUG=1",
					"$(inherited)",
				);
				GCC_WARN_64_TO_32_BIT_CONVERSION = YES;
				GCC_WARN_ABOUT_RETURN_TYPE = YES_ERROR;
				GCC_WARN_UNDECLARED_SELECTOR = YES;
				GCC_WARN_UNINITIALIZED_AUTOS = YES_AGGRESSIVE;
				GCC_WARN_UNUSED_FUNCTION = YES;
				GCC_WARN_UNUSED_VARIABLE = YES;
				MACOSX_DEPLOYMENT_TARGET = 10.12;
				MTL_ENABLE_DEBUG_INFO = YES;
				ONLY_ACTIVE_ARCH = YES;
				SDKROOT = macosx;
			};
			name = Debug;
		};
		131C93AB20729E9100906C52 /* Release */ = {
			isa = XCBuildConfiguration;
			buildSettings = {
				ALWAYS_SEARCH_USER_PATHS = NO;
				CLANG_ANALYZER_NONNULL = YES;
				CLANG_CXX_LANGUAGE_STANDARD = "gnu++0x";
				CLANG_CXX_LIBRARY = "libc++";
				CLANG_ENABLE_MODULES = YES;
				CLANG_ENABLE_OBJC_ARC = YES;
				CLANG_WARN_BOOL_CONVERSION = YES;
				CLANG_WARN_CONSTANT_CONVERSION = YES;
				CLANG_WARN_DIRECT_OBJC_ISA_USAGE = YES_ERROR;
				CLANG_WARN_DOCUMENTATION_COMMENTS = YES;
				CLANG_WARN_EMPTY_BODY = YES;
				CLANG_WARN_ENUM_CONVERSION = YES;
				CLANG_WARN_INFINITE_RECURSION = YES;
				CLANG_WARN_INT_CONVERSION = YES;
				CLANG_WARN_OBJC_ROOT_CLASS = YES_ERROR;
				CLANG_WARN_SUSPICIOUS_MOVES = YES;
				CLANG_WARN_UNREACHABLE_CODE = YES;
				CLANG_WARN__DUPLICATE_METHOD_MATCH = YES;
				CODE_SIGN_IDENTITY = "-";
				COPY_PHASE_STRIP = NO;
				DEBUG_INFORMATION_FORMAT = "dwarf-with-dsym";
				ENABLE_NS_ASSERTIONS = NO;
				ENABLE_STRICT_OBJC_MSGSEND = YES;
				GCC_C_LANGUAGE_STANDARD = gnu99;
				GCC_NO_COMMON_BLOCKS = YES;
				GCC_WARN_64_TO_32_BIT_CONVERSION = YES;
				GCC_WARN_ABOUT_RETURN_TYPE = YES_ERROR;
				GCC_WARN_UNDECLARED_SELECTOR = YES;
				GCC_WARN_UNINITIALIZED_AUTOS = YES_AGGRESSIVE;
				GCC_WARN_UNUSED_FUNCTION = YES;
				GCC_WARN_UNUSED_VARIABLE = YES;
				MACOSX_DEPLOYMENT_TARGET = 10.12;
				MTL_ENABLE_DEBUG_INFO = NO;
				SDKROOT = macosx;
			};
			name = Release;
		};
		131C93AD20729E9100906C52 /* Debug */ = {
			isa = XCBuildConfiguration;
			buildSettings = {
				PRODUCT_NAME = "$(TARGET_NAME)";
			};
			name = Debug;
		};
		131C93AE20729E9100906C52 /* Release */ = {
			isa = XCBuildConfiguration;
			buildSettings = {
				PRODUCT_NAME = "$(TARGET_NAME)";
			};
			name = Release;
		};
/* End XCBuildConfiguration section */

/* Begin XCConfigurationList section */
		131C93A020729E8D00906C52 /* Build configuration list for PBXProject "CProgramming" */ = {
			isa = XCConfigurationList;
			buildConfigurations = (
				131C93AA20729E9100906C52 /* Debug */,
				131C93AB20729E9100906C52 /* Release */,
			);
			defaultConfigurationIsVisible = 0;
			defaultConfigurationName = Release;
		};
		131C93AC20729E9100906C52 /* Build configuration list for PBXNativeTarget "CProgramming" */ = {
			isa = XCConfigurationList;
			buildConfigurations = (
				131C93AD20729E9100906C52 /* Debug */,
				131C93AE20729E9100906C52 /* Release */,
			);
			defaultConfigurationIsVisible = 0;
			defaultConfigurationName = Release;
		};
/* End XCConfigurationList section */
	};
	rootObject = 131C939D20729E8D00906C52 /* Project object */;
}
